{
    "name": "no-name-set",
    "lockfileVersion": 3,
    "requires": true,
    "packages": {
        "": {
            "dependencies": {
                "@dataform/core": "2.9.0"
            }
        },
        "node_modules/@dataform/core": {
            "version": "2.9.0",
            "resolved": "https://registry.npmjs.org/@dataform/core/-/core-2.9.0.tgz",
            "integrity": "sha512-S0aJMpof0uxL7Sodi7CH3ewlN83NFm0kRDvWoBfc0prw/a5wVIAY1LZWeg/6icqKPUw5b5xWn2ub82YrD8zVTg=="
        }
    }
}
